// !$*UTF8*$!
{
	archiveVersion = 1;
	classes = {
	};
	objectVersion = 77;
	objects = {

/* Begin PBXBuildFile section */
		410E3ECF2CD1EC6800B75E7A /* FirebaseAnalytics in Frameworks */ = {isa = PBXBuildFile; productRef = 410E3ECE2CD1EC6800B75E7A /* FirebaseAnalytics */; };
		410E3ED12CD1EC6800B75E7A /* FirebaseAnalyticsOnDeviceConversion in Frameworks */ = {isa = PBXBuildFile; productRef = 410E3ED02CD1EC6800B75E7A /* FirebaseAnalyticsOnDeviceConversion */; };
		410E3ED32CD1EC6800B75E7A /* FirebaseAnalyticsWithoutAdIdSupport in Frameworks */ = {isa = PBXBuildFile; productRef = 410E3ED22CD1EC6800B75E7A /* FirebaseAnalyticsWithoutAdIdSupport */; };
		410E3ED52CD1EC6800B75E7A /* FirebaseAppCheck in Frameworks */ = {isa = PBXBuildFile; productRef = 410E3ED42CD1EC6800B75E7A /* FirebaseAppCheck */; };
		410E3ED72CD1EC6800B75E7A /* FirebaseAppDistribution-Beta in Frameworks */ = {isa = PBXBuildFile; productRef = 410E3ED62CD1EC6800B75E7A /* FirebaseAppDistribution-Beta */; };
		410E3ED92CD1EC6800B75E7A /* FirebaseAuth in Frameworks */ = {isa = PBXBuildFile; productRef = 410E3ED82CD1EC6800B75E7A /* FirebaseAuth */; };
		410E3EDB2CD1EC6800B75E7A /* FirebaseAuthCombine-Community in Frameworks */ = {isa = PBXBuildFile; productRef = 410E3EDA2CD1EC6800B75E7A /* FirebaseAuthCombine-Community */; };
		410E3EDD2CD1EC6800B75E7A /* FirebaseCore in Frameworks */ = {isa = PBXBuildFile; productRef = 410E3EDC2CD1EC6800B75E7A /* FirebaseCore */; };
		410E3EDF2CD1EC6800B75E7A /* FirebaseCrashlytics in Frameworks */ = {isa = PBXBuildFile; productRef = 410E3EDE2CD1EC6800B75E7A /* FirebaseCrashlytics */; };
		410E3EE12CD1EC6800B75E7A /* FirebaseDatabase in Frameworks */ = {isa = PBXBuildFile; productRef = 410E3EE02CD1EC6800B75E7A /* FirebaseDatabase */; };
		410E3EE32CD1EC6800B75E7A /* FirebaseDynamicLinks in Frameworks */ = {isa = PBXBuildFile; productRef = 410E3EE22CD1EC6800B75E7A /* FirebaseDynamicLinks */; };
		410E3EE52CD1EC6800B75E7A /* FirebaseFirestore in Frameworks */ = {isa = PBXBuildFile; productRef = 410E3EE42CD1EC6800B75E7A /* FirebaseFirestore */; };
		410E3EE72CD1EC6800B75E7A /* FirebaseFirestoreCombine-Community in Frameworks */ = {isa = PBXBuildFile; productRef = 410E3EE62CD1EC6800B75E7A /* FirebaseFirestoreCombine-Community */; };
		410E3EE92CD1EC6800B75E7A /* FirebaseFunctions in Frameworks */ = {isa = PBXBuildFile; productRef = 410E3EE82CD1EC6800B75E7A /* FirebaseFunctions */; };
		410E3EEB2CD1EC6800B75E7A /* FirebaseFunctionsCombine-Community in Frameworks */ = {isa = PBXBuildFile; productRef = 410E3EEA2CD1EC6800B75E7A /* FirebaseFunctionsCombine-Community */; };
		410E3EED2CD1EC6800B75E7A /* FirebaseInAppMessaging-Beta in Frameworks */ = {isa = PBXBuildFile; productRef = 410E3EEC2CD1EC6800B75E7A /* FirebaseInAppMessaging-Beta */; };
		410E3EEF2CD1EC6800B75E7A /* FirebaseInstallations in Frameworks */ = {isa = PBXBuildFile; productRef = 410E3EEE2CD1EC6800B75E7A /* FirebaseInstallations */; };
		410E3EF12CD1EC6800B75E7A /* FirebaseMLModelDownloader in Frameworks */ = {isa = PBXBuildFile; productRef = 410E3EF02CD1EC6800B75E7A /* FirebaseMLModelDownloader */; };
		410E3EF32CD1EC6800B75E7A /* FirebaseMessaging in Frameworks */ = {isa = PBXBuildFile; productRef = 410E3EF22CD1EC6800B75E7A /* FirebaseMessaging */; };
		410E3EF52CD1EC6800B75E7A /* FirebasePerformance in Frameworks */ = {isa = PBXBuildFile; productRef = 410E3EF42CD1EC6800B75E7A /* FirebasePerformance */; };
		410E3EF72CD1EC6800B75E7A /* FirebaseRemoteConfig in Frameworks */ = {isa = PBXBuildFile; productRef = 410E3EF62CD1EC6800B75E7A /* FirebaseRemoteConfig */; };
		410E3EF92CD1EC6800B75E7A /* FirebaseStorage in Frameworks */ = {isa = PBXBuildFile; productRef = 410E3EF82CD1EC6800B75E7A /* FirebaseStorage */; };
		410E3EFB2CD1EC6800B75E7A /* FirebaseStorageCombine-Community in Frameworks */ = {isa = PBXBuildFile; productRef = 410E3EFA2CD1EC6800B75E7A /* FirebaseStorageCombine-Community */; };
		410E3EFD2CD1EC6800B75E7A /* FirebaseVertexAI in Frameworks */ = {isa = PBXBuildFile; productRef = 410E3EFC2CD1EC6800B75E7A /* FirebaseVertexAI */; };
/* End PBXBuildFile section */

/* Begin PBXContainerItemProxy section */
		41F51DAF2CCA297D00D427E2 /* PBXContainerItemProxy */ = {
			isa = PBXContainerItemProxy;
			containerPortal = 41F51D962CCA297C00D427E2 /* Project object */;
			proxyType = 1;
			remoteGlobalIDString = 41F51D9D2CCA297C00D427E2;
			remoteInfo = NikeApp;
		};
		41F51DB92CCA297D00D427E2 /* PBXContainerItemProxy */ = {
			isa = PBXContainerItemProxy;
			containerPortal = 41F51D962CCA297C00D427E2 /* Project object */;
			proxyType = 1;
			remoteGlobalIDString = 41F51D9D2CCA297C00D427E2;
			remoteInfo = NikeApp;
		};
/* End PBXContainerItemProxy section */

/* Begin PBXFileReference section */
		41F51D9E2CCA297C00D427E2 /* NikeApp.app */ = {isa = PBXFileReference; explicitFileType = wrapper.application; includeInIndex = 0; path = NikeApp.app; sourceTree = BUILT_PRODUCTS_DIR; };
		41F51DAE2CCA297D00D427E2 /* NikeAppTests.xctest */ = {isa = PBXFileReference; explicitFileType = wrapper.cfbundle; includeInIndex = 0; path = NikeAppTests.xctest; sourceTree = BUILT_PRODUCTS_DIR; };
		41F51DB82CCA297D00D427E2 /* NikeAppUITests.xctest */ = {isa = PBXFileReference; explicitFileType = wrapper.cfbundle; includeInIndex = 0; path = NikeAppUITests.xctest; sourceTree = BUILT_PRODUCTS_DIR; };
/* End PBXFileReference section */

/* Begin PBXFileSystemSynchronizedRootGroup section */
		41F51DA02CCA297C00D427E2 /* NikeApp */ = {
			isa = PBXFileSystemSynchronizedRootGroup;
			path = NikeApp;
			sourceTree = "<group>";
		};
		41F51DB12CCA297D00D427E2 /* NikeAppTests */ = {
			isa = PBXFileSystemSynchronizedRootGroup;
			path = NikeAppTests;
			sourceTree = "<group>";
		};
		41F51DBB2CCA297D00D427E2 /* NikeAppUITests */ = {
			isa = PBXFileSystemSynchronizedRootGroup;
			path = NikeAppUITests;
			sourceTree = "<group>";
		};
/* End PBXFileSystemSynchronizedRootGroup section */

/* Begin PBXFrameworksBuildPhase section */
		41F51D9B2CCA297C00D427E2 /* Frameworks */ = {
			isa = PBXFrameworksBuildPhase;
			buildActionMask = 2147483647;
			files = (
				410E3EE72CD1EC6800B75E7A /* FirebaseFirestoreCombine-Community in Frameworks */,
				410E3EFD2CD1EC6800B75E7A /* FirebaseVertexAI in Frameworks */,
				410E3EE92CD1EC6800B75E7A /* FirebaseFunctions in Frameworks */,
				410E3EF52CD1EC6800B75E7A /* FirebasePerformance in Frameworks */,
				410E3EFB2CD1EC6800B75E7A /* FirebaseStorageCombine-Community in Frameworks */,
				410E3EF72CD1EC6800B75E7A /* FirebaseRemoteConfig in Frameworks */,
				410E3EE12CD1EC6800B75E7A /* FirebaseDatabase in Frameworks */,
				410E3EE32CD1EC6800B75E7A /* FirebaseDynamicLinks in Frameworks */,
				410E3ED52CD1EC6800B75E7A /* FirebaseAppCheck in Frameworks */,
				410E3ED92CD1EC6800B75E7A /* FirebaseAuth in Frameworks */,
				410E3ECF2CD1EC6800B75E7A /* FirebaseAnalytics in Frameworks */,
				410E3EE52CD1EC6800B75E7A /* FirebaseFirestore in Frameworks */,
				410E3EF32CD1EC6800B75E7A /* FirebaseMessaging in Frameworks */,
				410E3EEF2CD1EC6800B75E7A /* FirebaseInstallations in Frameworks */,
				410E3EEB2CD1EC6800B75E7A /* FirebaseFunctionsCombine-Community in Frameworks */,
				410E3ED72CD1EC6800B75E7A /* FirebaseAppDistribution-Beta in Frameworks */,
				410E3ED32CD1EC6800B75E7A /* FirebaseAnalyticsWithoutAdIdSupport in Frameworks */,
				410E3EED2CD1EC6800B75E7A /* FirebaseInAppMessaging-Beta in Frameworks */,
				410E3EDB2CD1EC6800B75E7A /* FirebaseAuthCombine-Community in Frameworks */,
				410E3EDF2CD1EC6800B75E7A /* FirebaseCrashlytics in Frameworks */,
				410E3EF12CD1EC6800B75E7A /* FirebaseMLModelDownloader in Frameworks */,
				410E3EF92CD1EC6800B75E7A /* FirebaseStorage in Frameworks */,
				410E3EDD2CD1EC6800B75E7A /* FirebaseCore in Frameworks */,
				410E3ED12CD1EC6800B75E7A /* FirebaseAnalyticsOnDeviceConversion in Frameworks */,
			);
			runOnlyForDeploymentPostprocessing = 0;
		};
		41F51DAB2CCA297D00D427E2 /* Frameworks */ = {
			isa = PBXFrameworksBuildPhase;
			buildActionMask = 2147483647;
			files = (
			);
			runOnlyForDeploymentPostprocessing = 0;
		};
		41F51DB52CCA297D00D427E2 /* Frameworks */ = {
			isa = PBXFrameworksBuildPhase;
			buildActionMask = 2147483647;
			files = (
			);
			runOnlyForDeploymentPostprocessing = 0;
		};
/* End PBXFrameworksBuildPhase section */

/* Begin PBXGroup section */
		41F51D952CCA297C00D427E2 = {
			isa = PBXGroup;
			children = (
				41F51DA02CCA297C00D427E2 /* NikeApp */,
				41F51DB12CCA297D00D427E2 /* NikeAppTests */,
				41F51DBB2CCA297D00D427E2 /* NikeAppUITests */,
				41F51D9F2CCA297C00D427E2 /* Products */,
			);
			sourceTree = "<group>";
		};
		41F51D9F2CCA297C00D427E2 /* Products */ = {
			isa = PBXGroup;
			children = (
				41F51D9E2CCA297C00D427E2 /* NikeApp.app */,
				41F51DAE2CCA297D00D427E2 /* NikeAppTests.xctest */,
				41F51DB82CCA297D00D427E2 /* NikeAppUITests.xctest */,
			);
			name = Products;
			sourceTree = "<group>";
		};
/* End PBXGroup section */

/* Begin PBXNativeTarget section */
		41F51D9D2CCA297C00D427E2 /* NikeApp */ = {
			isa = PBXNativeTarget;
			buildConfigurationList = 41F51DC22CCA297D00D427E2 /* Build configuration list for PBXNativeTarget "NikeApp" */;
			buildPhases = (
				41F51D9A2CCA297C00D427E2 /* Sources */,
				41F51D9B2CCA297C00D427E2 /* Frameworks */,
				41F51D9C2CCA297C00D427E2 /* Resources */,
			);
			buildRules = (
			);
			dependencies = (
			);
			fileSystemSynchronizedGroups = (
				41F51DA02CCA297C00D427E2 /* NikeApp */,
			);
			name = NikeApp;
			packageProductDependencies = (
				410E3ECE2CD1EC6800B75E7A /* FirebaseAnalytics */,
				410E3ED02CD1EC6800B75E7A /* FirebaseAnalyticsOnDeviceConversion */,
				410E3ED22CD1EC6800B75E7A /* FirebaseAnalyticsWithoutAdIdSupport */,
				410E3ED42CD1EC6800B75E7A /* FirebaseAppCheck */,
				410E3ED62CD1EC6800B75E7A /* FirebaseAppDistribution-Beta */,
				410E3ED82CD1EC6800B75E7A /* FirebaseAuth */,
				410E3EDA2CD1EC6800B75E7A /* FirebaseAuthCombine-Community */,
				410E3EDC2CD1EC6800B75E7A /* FirebaseCore */,
				410E3EDE2CD1EC6800B75E7A /* FirebaseCrashlytics */,
				410E3EE02CD1EC6800B75E7A /* FirebaseDatabase */,
				410E3EE22CD1EC6800B75E7A /* FirebaseDynamicLinks */,
				410E3EE42CD1EC6800B75E7A /* FirebaseFirestore */,
				410E3EE62CD1EC6800B75E7A /* FirebaseFirestoreCombine-Community */,
				410E3EE82CD1EC6800B75E7A /* FirebaseFunctions */,
				410E3EEA2CD1EC6800B75E7A /* FirebaseFunctionsCombine-Community */,
				410E3EEC2CD1EC6800B75E7A /* FirebaseInAppMessaging-Beta */,
				410E3EEE2CD1EC6800B75E7A /* FirebaseInstallations */,
				410E3EF02CD1EC6800B75E7A /* FirebaseMLModelDownloader */,
				410E3EF22CD1EC6800B75E7A /* FirebaseMessaging */,
				410E3EF42CD1EC6800B75E7A /* FirebasePerformance */,
				410E3EF62CD1EC6800B75E7A /* FirebaseRemoteConfig */,
				410E3EF82CD1EC6800B75E7A /* FirebaseStorage */,
				410E3EFA2CD1EC6800B75E7A /* FirebaseStorageCombine-Community */,
				410E3EFC2CD1EC6800B75E7A /* FirebaseVertexAI */,
			);
			productName = NikeApp;
			productReference = 41F51D9E2CCA297C00D427E2 /* NikeApp.app */;
			productType = "com.apple.product-type.application";
		};
		41F51DAD2CCA297D00D427E2 /* NikeAppTests */ = {
			isa = PBXNativeTarget;
			buildConfigurationList = 41F51DC52CCA297D00D427E2 /* Build configuration list for PBXNativeTarget "NikeAppTests" */;
			buildPhases = (
				41F51DAA2CCA297D00D427E2 /* Sources */,
				41F51DAB2CCA297D00D427E2 /* Frameworks */,
				41F51DAC2CCA297D00D427E2 /* Resources */,
			);
			buildRules = (
			);
			dependencies = (
				41F51DB02CCA297D00D427E2 /* PBXTargetDependency */,
			);
			fileSystemSynchronizedGroups = (
				41F51DB12CCA297D00D427E2 /* NikeAppTests */,
			);
			name = NikeAppTests;
			packageProductDependencies = (
			);
			productName = NikeAppTests;
			productReference = 41F51DAE2CCA297D00D427E2 /* NikeAppTests.xctest */;
			productType = "com.apple.product-type.bundle.unit-test";
		};
		41F51DB72CCA297D00D427E2 /* NikeAppUITests */ = {
			isa = PBXNativeTarget;
			buildConfigurationList = 41F51DC82CCA297D00D427E2 /* Build configuration list for PBXNativeTarget "NikeAppUITests" */;
			buildPhases = (
				41F51DB42CCA297D00D427E2 /* Sources */,
				41F51DB52CCA297D00D427E2 /* Frameworks */,
				41F51DB62CCA297D00D427E2 /* Resources */,
			);
			buildRules = (
			);
			dependencies = (
				41F51DBA2CCA297D00D427E2 /* PBXTargetDependency */,
			);
			fileSystemSynchronizedGroups = (
				41F51DBB2CCA297D00D427E2 /* NikeAppUITests */,
			);
			name = NikeAppUITests;
			packageProductDependencies = (
			);
			productName = NikeAppUITests;
			productReference = 41F51DB82CCA297D00D427E2 /* NikeAppUITests.xctest */;
			productType = "com.apple.product-type.bundle.ui-testing";
		};
/* End PBXNativeTarget section */

/* Begin PBXProject section */
		41F51D962CCA297C00D427E2 /* Project object */ = {
			isa = PBXProject;
			attributes = {
				BuildIndependentTargetsInParallel = 1;
				LastSwiftUpdateCheck = 1600;
				LastUpgradeCheck = 1600;
				TargetAttributes = {
					41F51D9D2CCA297C00D427E2 = {
						CreatedOnToolsVersion = 16.0;
					};
					41F51DAD2CCA297D00D427E2 = {
						CreatedOnToolsVersion = 16.0;
						TestTargetID = 41F51D9D2CCA297C00D427E2;
					};
					41F51DB72CCA297D00D427E2 = {
						CreatedOnToolsVersion = 16.0;
						TestTargetID = 41F51D9D2CCA297C00D427E2;
					};
				};
			};
			buildConfigurationList = 41F51D992CCA297C00D427E2 /* Build configuration list for PBXProject "NikeApp" */;
			developmentRegion = en;
			hasScannedForEncodings = 0;
			knownRegions = (
				en,
				Base,
			);
			mainGroup = 41F51D952CCA297C00D427E2;
			minimizedProjectReferenceProxies = 1;
			packageReferences = (
				410E3ECD2CD1EC6800B75E7A /* XCRemoteSwiftPackageReference "firebase-ios-sdk" */,
			);
			preferredProjectObjectVersion = 77;
			productRefGroup = 41F51D9F2CCA297C00D427E2 /* Products */;
			projectDirPath = "";
			projectRoot = "";
			targets = (
				41F51D9D2CCA297C00D427E2 /* NikeApp */,
				41F51DAD2CCA297D00D427E2 /* NikeAppTests */,
				41F51DB72CCA297D00D427E2 /* NikeAppUITests */,
			);
		};
/* End PBXProject section */

/* Begin PBXResourcesBuildPhase section */
		41F51D9C2CCA297C00D427E2 /* Resources */ = {
			isa = PBXResourcesBuildPhase;
			buildActionMask = 2147483647;
			files = (
			);
			runOnlyForDeploymentPostprocessing = 0;
		};
		41F51DAC2CCA297D00D427E2 /* Resources */ = {
			isa = PBXResourcesBuildPhase;
			buildActionMask = 2147483647;
			files = (
			);
			runOnlyForDeploymentPostprocessing = 0;
		};
		41F51DB62CCA297D00D427E2 /* Resources */ = {
			isa = PBXResourcesBuildPhase;
			buildActionMask = 2147483647;
			files = (
			);
			runOnlyForDeploymentPostprocessing = 0;
		};
/* End PBXResourcesBuildPhase section */

/* Begin PBXSourcesBuildPhase section */
		41F51D9A2CCA297C00D427E2 /* Sources */ = {
			isa = PBXSourcesBuildPhase;
			buildActionMask = 2147483647;
			files = (
			);
			runOnlyForDeploymentPostprocessing = 0;
		};
		41F51DAA2CCA297D00D427E2 /* Sources */ = {
			isa = PBXSourcesBuildPhase;
			buildActionMask = 2147483647;
			files = (
			);
			runOnlyForDeploymentPostprocessing = 0;
		};
		41F51DB42CCA297D00D427E2 /* Sources */ = {
			isa = PBXSourcesBuildPhase;
			buildActionMask = 2147483647;
			files = (
			);
			runOnlyForDeploymentPostprocessing = 0;
		};
/* End PBXSourcesBuildPhase section */

/* Begin PBXTargetDependency section */
		41F51DB02CCA297D00D427E2 /* PBXTargetDependency */ = {
			isa = PBXTargetDependency;
			target = 41F51D9D2CCA297C00D427E2 /* NikeApp */;
			targetProxy = 41F51DAF2CCA297D00D427E2 /* PBXContainerItemProxy */;
		};
		41F51DBA2CCA297D00D427E2 /* PBXTargetDependency */ = {
			isa = PBXTargetDependency;
			target = 41F51D9D2CCA297C00D427E2 /* NikeApp */;
			targetProxy = 41F51DB92CCA297D00D427E2 /* PBXContainerItemProxy */;
		};
/* End PBXTargetDependency section */

/* Begin XCBuildConfiguration section */
		41F51DC02CCA297D00D427E2 /* Debug */ = {
			isa = XCBuildConfiguration;
			buildSettings = {
				ALWAYS_SEARCH_USER_PATHS = NO;
				ASSETCATALOG_COMPILER_GENERATE_SWIFT_ASSET_SYMBOL_EXTENSIONS = YES;
				CLANG_ANALYZER_NONNULL = YES;
				CLANG_ANALYZER_NUMBER_OBJECT_CONVERSION = YES_AGGRESSIVE;
				CLANG_CXX_LANGUAGE_STANDARD = "gnu++20";
				CLANG_ENABLE_MODULES = YES;
				CLANG_ENABLE_OBJC_ARC = YES;
				CLANG_ENABLE_OBJC_WEAK = YES;
				CLANG_WARN_BLOCK_CAPTURE_AUTORELEASING = YES;
				CLANG_WARN_BOOL_CONVERSION = YES;
				CLANG_WARN_COMMA = YES;
				CLANG_WARN_CONSTANT_CONVERSION = YES;
				CLANG_WARN_DEPRECATED_OBJC_IMPLEMENTATIONS = YES;
				CLANG_WARN_DIRECT_OBJC_ISA_USAGE = YES_ERROR;
				CLANG_WARN_DOCUMENTATION_COMMENTS = YES;
				CLANG_WARN_EMPTY_BODY = YES;
				CLANG_WARN_ENUM_CONVERSION = YES;
				CLANG_WARN_INFINITE_RECURSION = YES;
				CLANG_WARN_INT_CONVERSION = YES;
				CLANG_WARN_NON_LITERAL_NULL_CONVERSION = YES;
				CLANG_WARN_OBJC_IMPLICIT_RETAIN_SELF = YES;
				CLANG_WARN_OBJC_LITERAL_CONVERSION = YES;
				CLANG_WARN_OBJC_ROOT_CLASS = YES_ERROR;
				CLANG_WARN_QUOTED_INCLUDE_IN_FRAMEWORK_HEADER = YES;
				CLANG_WARN_RANGE_LOOP_ANALYSIS = YES;
				CLANG_WARN_STRICT_PROTOTYPES = YES;
				CLANG_WARN_SUSPICIOUS_MOVE = YES;
				CLANG_WARN_UNGUARDED_AVAILABILITY = YES_AGGRESSIVE;
				CLANG_WARN_UNREACHABLE_CODE = YES;
				CLANG_WARN__DUPLICATE_METHOD_MATCH = YES;
				COPY_PHASE_STRIP = NO;
				DEBUG_INFORMATION_FORMAT = dwarf;
				ENABLE_STRICT_OBJC_MSGSEND = YES;
				ENABLE_TESTABILITY = YES;
				ENABLE_USER_SCRIPT_SANDBOXING = YES;
				GCC_C_LANGUAGE_STANDARD = gnu17;
				GCC_DYNAMIC_NO_PIC = NO;
				GCC_NO_COMMON_BLOCKS = YES;
				GCC_OPTIMIZATION_LEVEL = 0;
				GCC_PREPROCESSOR_DEFINITIONS = (
					"DEBUG=1",
					"$(inherited)",
				);
				GCC_WARN_64_TO_32_BIT_CONVERSION = YES;
				GCC_WARN_ABOUT_RETURN_TYPE = YES_ERROR;
				GCC_WARN_UNDECLARED_SELECTOR = YES;
				GCC_WARN_UNINITIALIZED_AUTOS = YES_AGGRESSIVE;
				GCC_WARN_UNUSED_FUNCTION = YES;
				GCC_WARN_UNUSED_VARIABLE = YES;
				IPHONEOS_DEPLOYMENT_TARGET = 18.0;
				LOCALIZATION_PREFERS_STRING_CATALOGS = YES;
				MTL_ENABLE_DEBUG_INFO = INCLUDE_SOURCE;
				MTL_FAST_MATH = YES;
				ONLY_ACTIVE_ARCH = YES;
				SDKROOT = iphoneos;
				SWIFT_ACTIVE_COMPILATION_CONDITIONS = "DEBUG $(inherited)";
				SWIFT_OPTIMIZATION_LEVEL = "-Onone";
			};
			name = Debug;
		};
		41F51DC12CCA297D00D427E2 /* Release */ = {
			isa = XCBuildConfiguration;
			buildSettings = {
				ALWAYS_SEARCH_USER_PATHS = NO;
				ASSETCATALOG_COMPILER_GENERATE_SWIFT_ASSET_SYMBOL_EXTENSIONS = YES;
				CLANG_ANALYZER_NONNULL = YES;
				CLANG_ANALYZER_NUMBER_OBJECT_CONVERSION = YES_AGGRESSIVE;
				CLANG_CXX_LANGUAGE_STANDARD = "gnu++20";
				CLANG_ENABLE_MODULES = YES;
				CLANG_ENABLE_OBJC_ARC = YES;
				CLANG_ENABLE_OBJC_WEAK = YES;
				CLANG_WARN_BLOCK_CAPTURE_AUTORELEASING = YES;
				CLANG_WARN_BOOL_CONVERSION = YES;
				CLANG_WARN_COMMA = YES;
				CLANG_WARN_CONSTANT_CONVERSION = YES;
				CLANG_WARN_DEPRECATED_OBJC_IMPLEMENTATIONS = YES;
				CLANG_WARN_DIRECT_OBJC_ISA_USAGE = YES_ERROR;
				CLANG_WARN_DOCUMENTATION_COMMENTS = YES;
				CLANG_WARN_EMPTY_BODY = YES;
				CLANG_WARN_ENUM_CONVERSION = YES;
				CLANG_WARN_INFINITE_RECURSION = YES;
				CLANG_WARN_INT_CONVERSION = YES;
				CLANG_WARN_NON_LITERAL_NULL_CONVERSION = YES;
				CLANG_WARN_OBJC_IMPLICIT_RETAIN_SELF = YES;
				CLANG_WARN_OBJC_LITERAL_CONVERSION = YES;
				CLANG_WARN_OBJC_ROOT_CLASS = YES_ERROR;
				CLANG_WARN_QUOTED_INCLUDE_IN_FRAMEWORK_HEADER = YES;
				CLANG_WARN_RANGE_LOOP_ANALYSIS = YES;
				CLANG_WARN_STRICT_PROTOTYPES = YES;
				CLANG_WARN_SUSPICIOUS_MOVE = YES;
				CLANG_WARN_UNGUARDED_AVAILABILITY = YES_AGGRESSIVE;
				CLANG_WARN_UNREACHABLE_CODE = YES;
				CLANG_WARN__DUPLICATE_METHOD_MATCH = YES;
				COPY_PHASE_STRIP = NO;
				DEBUG_INFORMATION_FORMAT = "dwarf-with-dsym";
				ENABLE_NS_ASSERTIONS = NO;
				ENABLE_STRICT_OBJC_MSGSEND = YES;
				ENABLE_USER_SCRIPT_SANDBOXING = YES;
				GCC_C_LANGUAGE_STANDARD = gnu17;
				GCC_NO_COMMON_BLOCKS = YES;
				GCC_WARN_64_TO_32_BIT_CONVERSION = YES;
				GCC_WARN_ABOUT_RETURN_TYPE = YES_ERROR;
				GCC_WARN_UNDECLARED_SELECTOR = YES;
				GCC_WARN_UNINITIALIZED_AUTOS = YES_AGGRESSIVE;
				GCC_WARN_UNUSED_FUNCTION = YES;
				GCC_WARN_UNUSED_VARIABLE = YES;
				IPHONEOS_DEPLOYMENT_TARGET = 18.0;
				LOCALIZATION_PREFERS_STRING_CATALOGS = YES;
				MTL_ENABLE_DEBUG_INFO = NO;
				MTL_FAST_MATH = YES;
				SDKROOT = iphoneos;
				SWIFT_COMPILATION_MODE = wholemodule;
				VALIDATE_PRODUCT = YES;
			};
			name = Release;
		};
		41F51DC32CCA297D00D427E2 /* Debug */ = {
			isa = XCBuildConfiguration;
			buildSettings = {
				ASSETCATALOG_COMPILER_APPICON_NAME = AppIcon;
				ASSETCATALOG_COMPILER_GLOBAL_ACCENT_COLOR_NAME = AccentColor;
				CODE_SIGN_STYLE = Automatic;
				CURRENT_PROJECT_VERSION = 1;
				DEVELOPMENT_ASSET_PATHS = "\"NikeApp/Preview Content\"";
				ENABLE_PREVIEWS = YES;
				GENERATE_INFOPLIST_FILE = YES;
				INFOPLIST_KEY_UIApplicationSceneManifest_Generation = YES;
				INFOPLIST_KEY_UIApplicationSupportsIndirectInputEvents = YES;
				INFOPLIST_KEY_UILaunchScreen_Generation = YES;
				INFOPLIST_KEY_UISupportedInterfaceOrientations_iPad = "UIInterfaceOrientationPortrait UIInterfaceOrientationPortraitUpsideDown UIInterfaceOrientationLandscapeLeft UIInterfaceOrientationLandscapeRight";
				INFOPLIST_KEY_UISupportedInterfaceOrientations_iPhone = "UIInterfaceOrientationPortrait UIInterfaceOrientationLandscapeLeft UIInterfaceOrientationLandscapeRight";
				LD_RUNPATH_SEARCH_PATHS = (
					"$(inherited)",
					"@executable_path/Frameworks",
				);
				MARKETING_VERSION = 1.0;
				PRODUCT_BUNDLE_IDENTIFIER = com.example.lalit.NikeApp;
				PRODUCT_NAME = "$(TARGET_NAME)";
				SWIFT_EMIT_LOC_STRINGS = YES;
				SWIFT_VERSION = 5.0;
				TARGETED_DEVICE_FAMILY = "1,2";
			};
			name = Debug;
		};
		41F51DC42CCA297D00D427E2 /* Release */ = {
			isa = XCBuildConfiguration;
			buildSettings = {
				ASSETCATALOG_COMPILER_APPICON_NAME = AppIcon;
				ASSETCATALOG_COMPILER_GLOBAL_ACCENT_COLOR_NAME = AccentColor;
				CODE_SIGN_STYLE = Automatic;
				CURRENT_PROJECT_VERSION = 1;
				DEVELOPMENT_ASSET_PATHS = "\"NikeApp/Preview Content\"";
				ENABLE_PREVIEWS = YES;
				GENERATE_INFOPLIST_FILE = YES;
				INFOPLIST_KEY_UIApplicationSceneManifest_Generation = YES;
				INFOPLIST_KEY_UIApplicationSupportsIndirectInputEvents = YES;
				INFOPLIST_KEY_UILaunchScreen_Generation = YES;
				INFOPLIST_KEY_UISupportedInterfaceOrientations_iPad = "UIInterfaceOrientationPortrait UIInterfaceOrientationPortraitUpsideDown UIInterfaceOrientationLandscapeLeft UIInterfaceOrientationLandscapeRight";
				INFOPLIST_KEY_UISupportedInterfaceOrientations_iPhone = "UIInterfaceOrientationPortrait UIInterfaceOrientationLandscapeLeft UIInterfaceOrientationLandscapeRight";
				LD_RUNPATH_SEARCH_PATHS = (
					"$(inherited)",
					"@executable_path/Frameworks",
				);
				MARKETING_VERSION = 1.0;
				PRODUCT_BUNDLE_IDENTIFIER = com.example.lalit.NikeApp;
				PRODUCT_NAME = "$(TARGET_NAME)";
				SWIFT_EMIT_LOC_STRINGS = YES;
				SWIFT_VERSION = 5.0;
				TARGETED_DEVICE_FAMILY = "1,2";
			};
			name = Release;
		};
		41F51DC62CCA297D00D427E2 /* Debug */ = {
			isa = XCBuildConfiguration;
			buildSettings = {
				BUNDLE_LOADER = "$(TEST_HOST)";
				CODE_SIGN_STYLE = Automatic;
				CURRENT_PROJECT_VERSION = 1;
				GENERATE_INFOPLIST_FILE = YES;
				IPHONEOS_DEPLOYMENT_TARGET = 18.0;
				MARKETING_VERSION = 1.0;
				PRODUCT_BUNDLE_IDENTIFIER = com.example.lalit.NikeAppTests;
				PRODUCT_NAME = "$(TARGET_NAME)";
				SWIFT_EMIT_LOC_STRINGS = NO;
				SWIFT_VERSION = 5.0;
				TARGETED_DEVICE_FAMILY = "1,2";
				TEST_HOST = "$(BUILT_PRODUCTS_DIR)/NikeApp.app/$(BUNDLE_EXECUTABLE_FOLDER_PATH)/NikeApp";
			};
			name = Debug;
		};
		41F51DC72CCA297D00D427E2 /* Release */ = {
			isa = XCBuildConfiguration;
			buildSettings = {
				BUNDLE_LOADER = "$(TEST_HOST)";
				CODE_SIGN_STYLE = Automatic;
				CURRENT_PROJECT_VERSION = 1;
				GENERATE_INFOPLIST_FILE = YES;
				IPHONEOS_DEPLOYMENT_TARGET = 18.0;
				MARKETING_VERSION = 1.0;
				PRODUCT_BUNDLE_IDENTIFIER = com.example.lalit.NikeAppTests;
				PRODUCT_NAME = "$(TARGET_NAME)";
				SWIFT_EMIT_LOC_STRINGS = NO;
				SWIFT_VERSION = 5.0;
				TARGETED_DEVICE_FAMILY = "1,2";
				TEST_HOST = "$(BUILT_PRODUCTS_DIR)/NikeApp.app/$(BUNDLE_EXECUTABLE_FOLDER_PATH)/NikeApp";
			};
			name = Release;
		};
		41F51DC92CCA297D00D427E2 /* Debug */ = {
			isa = XCBuildConfiguration;
			buildSettings = {
				CODE_SIGN_STYLE = Automatic;
				CURRENT_PROJECT_VERSION = 1;
				GENERATE_INFOPLIST_FILE = YES;
				MARKETING_VERSION = 1.0;
				PRODUCT_BUNDLE_IDENTIFIER = com.example.lalit.NikeAppUITests;
				PRODUCT_NAME = "$(TARGET_NAME)";
				SWIFT_EMIT_LOC_STRINGS = NO;
				SWIFT_VERSION = 5.0;
				TARGETED_DEVICE_FAMILY = "1,2";
				TEST_TARGET_NAME = NikeApp;
			};
			name = Debug;
		};
		41F51DCA2CCA297D00D427E2 /* Release */ = {
			isa = XCBuildConfiguration;
			buildSettings = {
				CODE_SIGN_STYLE = Automatic;
				CURRENT_PROJECT_VERSION = 1;
				GENERATE_INFOPLIST_FILE = YES;
				MARKETING_VERSION = 1.0;
				PRODUCT_BUNDLE_IDENTIFIER = com.example.lalit.NikeAppUITests;
				PRODUCT_NAME = "$(TARGET_NAME)";
				SWIFT_EMIT_LOC_STRINGS = NO;
				SWIFT_VERSION = 5.0;
				TARGETED_DEVICE_FAMILY = "1,2";
				TEST_TARGET_NAME = NikeApp;
			};
			name = Release;
		};
/* End XCBuildConfiguration section */

/* Begin XCConfigurationList section */
		41F51D992CCA297C00D427E2 /* Build configuration list for PBXProject "NikeApp" */ = {
			isa = XCConfigurationList;
			buildConfigurations = (
				41F51DC02CCA297D00D427E2 /* Debug */,
				41F51DC12CCA297D00D427E2 /* Release */,
			);
			defaultConfigurationIsVisible = 0;
			defaultConfigurationName = Release;
		};
		41F51DC22CCA297D00D427E2 /* Build configuration list for PBXNativeTarget "NikeApp" */ = {
			isa = XCConfigurationList;
			buildConfigurations = (
				41F51DC32CCA297D00D427E2 /* Debug */,
				41F51DC42CCA297D00D427E2 /* Release */,
			);
			defaultConfigurationIsVisible = 0;
			defaultConfigurationName = Release;
		};
		41F51DC52CCA297D00D427E2 /* Build configuration list for PBXNativeTarget "NikeAppTests" */ = {
			isa = XCConfigurationList;
			buildConfigurations = (
				41F51DC62CCA297D00D427E2 /* Debug */,
				41F51DC72CCA297D00D427E2 /* Release */,
			);
			defaultConfigurationIsVisible = 0;
			defaultConfigurationName = Release;
		};
		41F51DC82CCA297D00D427E2 /* Build configuration list for PBXNativeTarget "NikeAppUITests" */ = {
			isa = XCConfigurationList;
			buildConfigurations = (
				41F51DC92CCA297D00D427E2 /* Debug */,
				41F51DCA2CCA297D00D427E2 /* Release */,
			);
			defaultConfigurationIsVisible = 0;
			defaultConfigurationName = Release;
		};
/* End XCConfigurationList section */

/* Begin XCRemoteSwiftPackageReference section */
		410E3ECD2CD1EC6800B75E7A /* XCRemoteSwiftPackageReference "firebase-ios-sdk" */ = {
			isa = XCRemoteSwiftPackageReference;
			repositoryURL = "https://github.com/firebase/firebase-ios-sdk";
			requirement = {
				kind = upToNextMajorVersion;
				minimumVersion = 11.4.0;
			};
		};
/* End XCRemoteSwiftPackageReference section */

/* Begin XCSwiftPackageProductDependency section */
		410E3ECE2CD1EC6800B75E7A /* FirebaseAnalytics */ = {
			isa = XCSwiftPackageProductDependency;
			package = 410E3ECD2CD1EC6800B75E7A /* XCRemoteSwiftPackageReference "firebase-ios-sdk" */;
			productName = FirebaseAnalytics;
		};
		410E3ED02CD1EC6800B75E7A /* FirebaseAnalyticsOnDeviceConversion */ = {
			isa = XCSwiftPackageProductDependency;
			package = 410E3ECD2CD1EC6800B75E7A /* XCRemoteSwiftPackageReference "firebase-ios-sdk" */;
			productName = FirebaseAnalyticsOnDeviceConversion;
		};
		410E3ED22CD1EC6800B75E7A /* FirebaseAnalyticsWithoutAdIdSupport */ = {
			isa = XCSwiftPackageProductDependency;
			package = 410E3ECD2CD1EC6800B75E7A /* XCRemoteSwiftPackageReference "firebase-ios-sdk" */;
			productName = FirebaseAnalyticsWithoutAdIdSupport;
		};
		410E3ED42CD1EC6800B75E7A /* FirebaseAppCheck */ = {
			isa = XCSwiftPackageProductDependency;
			package = 410E3ECD2CD1EC6800B75E7A /* XCRemoteSwiftPackageReference "firebase-ios-sdk" */;
			productName = FirebaseAppCheck;
		};
		410E3ED62CD1EC6800B75E7A /* FirebaseAppDistribution-Beta */ = {
			isa = XCSwiftPackageProductDependency;
			package = 410E3ECD2CD1EC6800B75E7A /* XCRemoteSwiftPackageReference "firebase-ios-sdk" */;
			productName = "FirebaseAppDistribution-Beta";
		};
		410E3ED82CD1EC6800B75E7A /* FirebaseAuth */ = {
			isa = XCSwiftPackageProductDependency;
			package = 410E3ECD2CD1EC6800B75E7A /* XCRemoteSwiftPackageReference "firebase-ios-sdk" */;
			productName = FirebaseAuth;
		};
		410E3EDA2CD1EC6800B75E7A /* FirebaseAuthCombine-Community */ = {
			isa = XCSwiftPackageProductDependency;
			package = 410E3ECD2CD1EC6800B75E7A /* XCRemoteSwiftPackageReference "firebase-ios-sdk" */;
			productName = "FirebaseAuthCombine-Community";
		};
		410E3EDC2CD1EC6800B75E7A /* FirebaseCore */ = {
			isa = XCSwiftPackageProductDependency;
			package = 410E3ECD2CD1EC6800B75E7A /* XCRemoteSwiftPackageReference "firebase-ios-sdk" */;
			productName = FirebaseCore;
		};
		410E3EDE2CD1EC6800B75E7A /* FirebaseCrashlytics */ = {
			isa = XCSwiftPackageProductDependency;
			package = 410E3ECD2CD1EC6800B75E7A /* XCRemoteSwiftPackageReference "firebase-ios-sdk" */;
			productName = FirebaseCrashlytics;
		};
		410E3EE02CD1EC6800B75E7A /* FirebaseDatabase */ = {
			isa = XCSwiftPackageProductDependency;
			package = 410E3ECD2CD1EC6800B75E7A /* XCRemoteSwiftPackageReference "firebase-ios-sdk" */;
			productName = FirebaseDatabase;
		};
		410E3EE22CD1EC6800B75E7A /* FirebaseDynamicLinks */ = {
			isa = XCSwiftPackageProductDependency;
			package = 410E3ECD2CD1EC6800B75E7A /* XCRemoteSwiftPackageReference "firebase-ios-sdk" */;
			productName = FirebaseDynamicLinks;
		};
		410E3EE42CD1EC6800B75E7A /* FirebaseFirestore */ = {
			isa = XCSwiftPackageProductDependency;
			package = 410E3ECD2CD1EC6800B75E7A /* XCRemoteSwiftPackageReference "firebase-ios-sdk" */;
			productName = FirebaseFirestore;
		};
		410E3EE62CD1EC6800B75E7A /* FirebaseFirestoreCombine-Community */ = {
			isa = XCSwiftPackageProductDependency;
			package = 410E3ECD2CD1EC6800B75E7A /* XCRemoteSwiftPackageReference "firebase-ios-sdk" */;
			productName = "FirebaseFirestoreCombine-Community";
		};
		410E3EE82CD1EC6800B75E7A /* FirebaseFunctions */ = {
			isa = XCSwiftPackageProductDependency;
			package = 410E3ECD2CD1EC6800B75E7A /* XCRemoteSwiftPackageReference "firebase-ios-sdk" */;
			productName = FirebaseFunctions;
		};
		410E3EEA2CD1EC6800B75E7A /* FirebaseFunctionsCombine-Community */ = {
			isa = XCSwiftPackageProductDependency;
			package = 410E3ECD2CD1EC6800B75E7A /* XCRemoteSwiftPackageReference "firebase-ios-sdk" */;
			productName = "FirebaseFunctionsCombine-Community";
		};
		410E3EEC2CD1EC6800B75E7A /* FirebaseInAppMessaging-Beta */ = {
			isa = XCSwiftPackageProductDependency;
			package = 410E3ECD2CD1EC6800B75E7A /* XCRemoteSwiftPackageReference "firebase-ios-sdk" */;
			productName = "FirebaseInAppMessaging-Beta";
		};
		410E3EEE2CD1EC6800B75E7A /* FirebaseInstallations */ = {
			isa = XCSwiftPackageProductDependency;
			package = 410E3ECD2CD1EC6800B75E7A /* XCRemoteSwiftPackageReference "firebase-ios-sdk" */;
			productName = FirebaseInstallations;
		};
		410E3EF02CD1EC6800B75E7A /* FirebaseMLModelDownloader */ = {
			isa = XCSwiftPackageProductDependency;
			package = 410E3ECD2CD1EC6800B75E7A /* XCRemoteSwiftPackageReference "firebase-ios-sdk" */;
			productName = FirebaseMLModelDownloader;
		};
		410E3EF22CD1EC6800B75E7A /* FirebaseMessaging */ = {
			isa = XCSwiftPackageProductDependency;
			package = 410E3ECD2CD1EC6800B75E7A /* XCRemoteSwiftPackageReference "firebase-ios-sdk" */;
			productName = FirebaseMessaging;
		};
		410E3EF42CD1EC6800B75E7A /* FirebasePerformance */ = {
			isa = XCSwiftPackageProductDependency;
			package = 410E3ECD2CD1EC6800B75E7A /* XCRemoteSwiftPackageReference "firebase-ios-sdk" */;
			productName = FirebasePerformance;
		};
		410E3EF62CD1EC6800B75E7A /* FirebaseRemoteConfig */ = {
			isa = XCSwiftPackageProductDependency;
			package = 410E3ECD2CD1EC6800B75E7A /* XCRemoteSwiftPackageReference "firebase-ios-sdk" */;
			productName = FirebaseRemoteConfig;
		};
		410E3EF82CD1EC6800B75E7A /* FirebaseStorage */ = {
			isa = XCSwiftPackageProductDependency;
			package = 410E3ECD2CD1EC6800B75E7A /* XCRemoteSwiftPackageReference "firebase-ios-sdk" */;
			productName = FirebaseStorage;
		};
		410E3EFA2CD1EC6800B75E7A /* FirebaseStorageCombine-Community */ = {
			isa = XCSwiftPackageProductDependency;
			package = 410E3ECD2CD1EC6800B75E7A /* XCRemoteSwiftPackageReference "firebase-ios-sdk" */;
			productName = "FirebaseStorageCombine-Community";
		};
		410E3EFC2CD1EC6800B75E7A /* FirebaseVertexAI */ = {
			isa = XCSwiftPackageProductDependency;
			package = 410E3ECD2CD1EC6800B75E7A /* XCRemoteSwiftPackageReference "firebase-ios-sdk" */;
			productName = FirebaseVertexAI;
		};
/* End XCSwiftPackageProductDependency section */
	};
	rootObject = 41F51D962CCA297C00D427E2 /* Project object */;
}
